{
  "version": 4,
  "terraform_version": "1.1.7",
  "serial": 1,
  "lineage": "708e2b47-dd2a-25e3-c450-5d486cd04d2f",
  "outputs": {},
  "resources": [
    {
      "mode": "managed",
      "type": "aws_vpc",
      "name": "user04",
      "provider": "provider[\"registry.terraform.io/hashicorp/aws\"]",
      "instances": [
        {
          "schema_version": 1,
          "attributes": {
            "arn": "arn:aws:ec2:eu-west-3:567749627506:vpc/vpc-004714b6a915bbf90",
            "assign_generated_ipv6_cidr_block": false,
            "cidr_block": "21.21.0.0/16",
            "default_network_acl_id": "acl-094bcd92c7e64ee16",
            "default_route_table_id": "rtb-019d368ffc7a65aeb",
            "default_security_group_id": "sg-02ae1ba201c960377",
            "dhcp_options_id": "dopt-0cbde7c37be30ba96",
            "enable_classiclink": false,
            "enable_classiclink_dns_support": false,
            "enable_dns_hostnames": false,
            "enable_dns_support": true,
            "id": "vpc-004714b6a915bbf90",
            "instance_tenancy": "default",
            "ipv4_ipam_pool_id": null,
            "ipv4_netmask_length": null,
            "ipv6_association_id": "",
            "ipv6_cidr_block": "",
            "ipv6_cidr_block_network_border_group": "",
            "ipv6_ipam_pool_id": "",
            "ipv6_netmask_length": 0,
            "main_route_table_id": "rtb-019d368ffc7a65aeb",
            "owner_id": "567749627506",
            "tags": {
              "Name": "user04-vpc1"
            },
            "tags_all": {
              "Name": "user04-vpc1"
            }
          },
          "sensitive_attributes": [],
          "private": "eyJzY2hlbWFfdmVyc2lvbiI6IjEifQ=="
        }
      ]
    }
  ]
}
